// !$*UTF8*$!
{
	archiveVersion = 1;
	classes = {
	};
	objectVersion = 50;
	objects = {

/* Begin PBXBuildFile section */
		00F6F5D623FA9B1700F39288 /* AddBinViewController.swift in Sources */ = {isa = PBXBuildFile; fileRef = 00F6F5D423FA9B1700F39288 /* AddBinViewController.swift */; };
		00F6F5D723FA9B1700F39288 /* AddBinViewController.xib in Resources */ = {isa = PBXBuildFile; fileRef = 00F6F5D523FA9B1700F39288 /* AddBinViewController.xib */; };
		7F72506123F6B7EF006FF9F3 /* Bin.swift in Sources */ = {isa = PBXBuildFile; fileRef = 7F72506023F6B7EF006FF9F3 /* Bin.swift */; };
		C80F031A23F6C1F300128381 /* BottomSheetViewController.swift in Sources */ = {isa = PBXBuildFile; fileRef = C80F031923F6C1F300128381 /* BottomSheetViewController.swift */; };
		C878918D23F2A89600E51D70 /* AppDelegate.swift in Sources */ = {isa = PBXBuildFile; fileRef = C878918C23F2A89600E51D70 /* AppDelegate.swift */; };
		C878918F23F2A89600E51D70 /* SceneDelegate.swift in Sources */ = {isa = PBXBuildFile; fileRef = C878918E23F2A89600E51D70 /* SceneDelegate.swift */; };
		C878919123F2A89600E51D70 /* ViewController.swift in Sources */ = {isa = PBXBuildFile; fileRef = C878919023F2A89600E51D70 /* ViewController.swift */; };
		C878919423F2A89600E51D70 /* Main.storyboard in Resources */ = {isa = PBXBuildFile; fileRef = C878919223F2A89600E51D70 /* Main.storyboard */; settings = {ASSET_TAGS = (n, ); }; };
		C878919723F2A89600E51D70 /* Bin_Finder.xcdatamodeld in Sources */ = {isa = PBXBuildFile; fileRef = C878919523F2A89600E51D70 /* Bin_Finder.xcdatamodeld */; };
		C878919923F2A89700E51D70 /* Assets.xcassets in Resources */ = {isa = PBXBuildFile; fileRef = C878919823F2A89700E51D70 /* Assets.xcassets */; };
		C878919C23F2A89700E51D70 /* LaunchScreen.storyboard in Resources */ = {isa = PBXBuildFile; fileRef = C878919A23F2A89700E51D70 /* LaunchScreen.storyboard */; };
/* End PBXBuildFile section */

/* Begin PBXFileReference section */
		00F6F5D423FA9B1700F39288 /* AddBinViewController.swift */ = {isa = PBXFileReference; lastKnownFileType = sourcecode.swift; path = AddBinViewController.swift; sourceTree = "<group>"; };
		00F6F5D523FA9B1700F39288 /* AddBinViewController.xib */ = {isa = PBXFileReference; lastKnownFileType = file.xib; path = AddBinViewController.xib; sourceTree = "<group>"; };
		7F72506023F6B7EF006FF9F3 /* Bin.swift */ = {isa = PBXFileReference; lastKnownFileType = sourcecode.swift; path = Bin.swift; sourceTree = "<group>"; };
		C80F02F323F6AD5800128381 /* en */ = {isa = PBXFileReference; lastKnownFileType = text.plist.strings; name = en; path = en.lproj/Main.strings; sourceTree = "<group>"; };
		C80F031923F6C1F300128381 /* BottomSheetViewController.swift */ = {isa = PBXFileReference; fileEncoding = 4; lastKnownFileType = sourcecode.swift; path = BottomSheetViewController.swift; sourceTree = "<group>"; };
		C878918923F2A89600E51D70 /* Bin Finder.app */ = {isa = PBXFileReference; explicitFileType = wrapper.application; includeInIndex = 0; path = "Bin Finder.app"; sourceTree = BUILT_PRODUCTS_DIR; };
		C878918C23F2A89600E51D70 /* AppDelegate.swift */ = {isa = PBXFileReference; lastKnownFileType = sourcecode.swift; path = AppDelegate.swift; sourceTree = "<group>"; };
		C878918E23F2A89600E51D70 /* SceneDelegate.swift */ = {isa = PBXFileReference; lastKnownFileType = sourcecode.swift; path = SceneDelegate.swift; sourceTree = "<group>"; };
		C878919023F2A89600E51D70 /* ViewController.swift */ = {isa = PBXFileReference; lastKnownFileType = sourcecode.swift; path = ViewController.swift; sourceTree = "<group>"; };
		C878919323F2A89600E51D70 /* Base */ = {isa = PBXFileReference; lastKnownFileType = file.storyboard; name = Base; path = Base.lproj/Main.storyboard; sourceTree = "<group>"; };
		C878919623F2A89600E51D70 /* Bin_Finder.xcdatamodel */ = {isa = PBXFileReference; lastKnownFileType = wrapper.xcdatamodel; path = Bin_Finder.xcdatamodel; sourceTree = "<group>"; };
		C878919823F2A89700E51D70 /* Assets.xcassets */ = {isa = PBXFileReference; lastKnownFileType = folder.assetcatalog; path = Assets.xcassets; sourceTree = "<group>"; };
		C878919B23F2A89700E51D70 /* Base */ = {isa = PBXFileReference; lastKnownFileType = file.storyboard; name = Base; path = Base.lproj/LaunchScreen.storyboard; sourceTree = "<group>"; };
		C878919D23F2A89700E51D70 /* Info.plist */ = {isa = PBXFileReference; lastKnownFileType = text.plist.xml; path = Info.plist; sourceTree = "<group>"; };
/* End PBXFileReference section */

/* Begin PBXFrameworksBuildPhase section */
		C878918623F2A89600E51D70 /* Frameworks */ = {
			isa = PBXFrameworksBuildPhase;
			buildActionMask = 2147483647;
			files = (
			);
			runOnlyForDeploymentPostprocessing = 0;
		};
/* End PBXFrameworksBuildPhase section */

/* Begin PBXGroup section */
		C878918023F2A89600E51D70 = {
			isa = PBXGroup;
			children = (
				C878918B23F2A89600E51D70 /* Bin Finder */,
				C878918A23F2A89600E51D70 /* Products */,
			);
			sourceTree = "<group>";
		};
		C878918A23F2A89600E51D70 /* Products */ = {
			isa = PBXGroup;
			children = (
				C878918923F2A89600E51D70 /* Bin Finder.app */,
			);
			name = Products;
			sourceTree = "<group>";
		};
		C878918B23F2A89600E51D70 /* Bin Finder */ = {
			isa = PBXGroup;
			children = (
				C80F031923F6C1F300128381 /* BottomSheetViewController.swift */,
				C878918C23F2A89600E51D70 /* AppDelegate.swift */,
				C878918E23F2A89600E51D70 /* SceneDelegate.swift */,
				C878919023F2A89600E51D70 /* ViewController.swift */,
				C878919223F2A89600E51D70 /* Main.storyboard */,
				C878919823F2A89700E51D70 /* Assets.xcassets */,
				C878919A23F2A89700E51D70 /* LaunchScreen.storyboard */,
				C878919D23F2A89700E51D70 /* Info.plist */,
				C878919523F2A89600E51D70 /* Bin_Finder.xcdatamodeld */,
				7F72506023F6B7EF006FF9F3 /* Bin.swift */,
				00F6F5D423FA9B1700F39288 /* AddBinViewController.swift */,
				00F6F5D523FA9B1700F39288 /* AddBinViewController.xib */,
			);
			path = "Bin Finder";
			sourceTree = "<group>";
		};
/* End PBXGroup section */

/* Begin PBXNativeTarget section */
		C878918823F2A89600E51D70 /* Bin Finder */ = {
			isa = PBXNativeTarget;
			buildConfigurationList = C87891A023F2A89700E51D70 /* Build configuration list for PBXNativeTarget "Bin Finder" */;
			buildPhases = (
				C878918523F2A89600E51D70 /* Sources */,
				C878918623F2A89600E51D70 /* Frameworks */,
				C878918723F2A89600E51D70 /* Resources */,
			);
			buildRules = (
			);
			dependencies = (
			);
			name = "Bin Finder";
			productName = "Bin Finder";
			productReference = C878918923F2A89600E51D70 /* Bin Finder.app */;
			productType = "com.apple.product-type.application";
		};
/* End PBXNativeTarget section */

/* Begin PBXProject section */
		C878918123F2A89600E51D70 /* Project object */ = {
			isa = PBXProject;
			attributes = {
				KnownAssetTags = (
					n,
				);
				LastSwiftUpdateCheck = 1130;
				LastUpgradeCheck = 1130;
				ORGANIZATIONNAME = "Antonio Baldi";
				TargetAttributes = {
					C878918823F2A89600E51D70 = {
						CreatedOnToolsVersion = 11.3.1;
					};
				};
			};
			buildConfigurationList = C878918423F2A89600E51D70 /* Build configuration list for PBXProject "Bin Finder" */;
			compatibilityVersion = "Xcode 9.3";
			developmentRegion = en;
			hasScannedForEncodings = 0;
			knownRegions = (
				en,
				Base,
			);
			mainGroup = C878918023F2A89600E51D70;
			productRefGroup = C878918A23F2A89600E51D70 /* Products */;
			projectDirPath = "";
			projectRoot = "";
			targets = (
				C878918823F2A89600E51D70 /* Bin Finder */,
			);
		};
/* End PBXProject section */

/* Begin PBXResourcesBuildPhase section */
		C878918723F2A89600E51D70 /* Resources */ = {
			isa = PBXResourcesBuildPhase;
			buildActionMask = 2147483647;
			files = (
				C878919C23F2A89700E51D70 /* LaunchScreen.storyboard in Resources */,
				C878919923F2A89700E51D70 /* Assets.xcassets in Resources */,
				00F6F5D723FA9B1700F39288 /* AddBinViewController.xib in Resources */,
				C878919423F2A89600E51D70 /* Main.storyboard in Resources */,
			);
			runOnlyForDeploymentPostprocessing = 0;
		};
/* End PBXResourcesBuildPhase section */

/* Begin PBXSourcesBuildPhase section */
		C878918523F2A89600E51D70 /* Sources */ = {
			isa = PBXSourcesBuildPhase;
			buildActionMask = 2147483647;
			files = (
				7F72506123F6B7EF006FF9F3 /* Bin.swift in Sources */,
				C80F031A23F6C1F300128381 /* BottomSheetViewController.swift in Sources */,
				C878919123F2A89600E51D70 /* ViewController.swift in Sources */,
				C878918D23F2A89600E51D70 /* AppDelegate.swift in Sources */,
				C878918F23F2A89600E51D70 /* SceneDelegate.swift in Sources */,
				00F6F5D623FA9B1700F39288 /* AddBinViewController.swift in Sources */,
				C878919723F2A89600E51D70 /* Bin_Finder.xcdatamodeld in Sources */,
			);
			runOnlyForDeploymentPostprocessing = 0;
		};
/* End PBXSourcesBuildPhase section */

/* Begin PBXVariantGroup section */
		C878919223F2A89600E51D70 /* Main.storyboard */ = {
			isa = PBXVariantGroup;
			children = (
				C878919323F2A89600E51D70 /* Base */,
				C80F02F323F6AD5800128381 /* en */,
			);
			name = Main.storyboard;
			sourceTree = "<group>";
		};
		C878919A23F2A89700E51D70 /* LaunchScreen.storyboard */ = {
			isa = PBXVariantGroup;
			children = (
				C878919B23F2A89700E51D70 /* Base */,
			);
			name = LaunchScreen.storyboard;
			sourceTree = "<group>";
		};
/* End PBXVariantGroup section */

/* Begin XCBuildConfiguration section */
		C878919E23F2A89700E51D70 /* Debug */ = {
			isa = XCBuildConfiguration;
			buildSettings = {
				ALWAYS_SEARCH_USER_PATHS = NO;
				CLANG_ANALYZER_NONNULL = YES;
				CLANG_ANALYZER_NUMBER_OBJECT_CONVERSION = YES_AGGRESSIVE;
				CLANG_CXX_LANGUAGE_STANDARD = "gnu++14";
				CLANG_CXX_LIBRARY = "libc++";
				CLANG_ENABLE_MODULES = YES;
				CLANG_ENABLE_OBJC_ARC = YES;
				CLANG_ENABLE_OBJC_WEAK = YES;
				CLANG_WARN_BLOCK_CAPTURE_AUTORELEASING = YES;
				CLANG_WARN_BOOL_CONVERSION = YES;
				CLANG_WARN_COMMA = YES;
				CLANG_WARN_CONSTANT_CONVERSION = YES;
				CLANG_WARN_DEPRECATED_OBJC_IMPLEMENTATIONS = YES;
				CLANG_WARN_DIRECT_OBJC_ISA_USAGE = YES_ERROR;
				CLANG_WARN_DOCUMENTATION_COMMENTS = YES;
				CLANG_WARN_EMPTY_BODY = YES;
				CLANG_WARN_ENUM_CONVERSION = YES;
				CLANG_WARN_INFINITE_RECURSION = YES;
				CLANG_WARN_INT_CONVERSION = YES;
				CLANG_WARN_NON_LITERAL_NULL_CONVERSION = YES;
				CLANG_WARN_OBJC_IMPLICIT_RETAIN_SELF = YES;
				CLANG_WARN_OBJC_LITERAL_CONVERSION = YES;
				CLANG_WARN_OBJC_ROOT_CLASS = YES_ERROR;
				CLANG_WARN_RANGE_LOOP_ANALYSIS = YES;
				CLANG_WARN_STRICT_PROTOTYPES = YES;
				CLANG_WARN_SUSPICIOUS_MOVE = YES;
				CLANG_WARN_UNGUARDED_AVAILABILITY = YES_AGGRESSIVE;
				CLANG_WARN_UNREACHABLE_CODE = YES;
				CLANG_WARN__DUPLICATE_METHOD_MATCH = YES;
				COPY_PHASE_STRIP = NO;
				DEBUG_INFORMATION_FORMAT = dwarf;
				ENABLE_STRICT_OBJC_MSGSEND = YES;
				ENABLE_TESTABILITY = YES;
				GCC_C_LANGUAGE_STANDARD = gnu11;
				GCC_DYNAMIC_NO_PIC = NO;
				GCC_NO_COMMON_BLOCKS = YES;
				GCC_OPTIMIZATION_LEVEL = 0;
				GCC_PREPROCESSOR_DEFINITIONS = (
					"DEBUG=1",
					"$(inherited)",
				);
				GCC_WARN_64_TO_32_BIT_CONVERSION = YES;
				GCC_WARN_ABOUT_RETURN_TYPE = YES_ERROR;
				GCC_WARN_UNDECLARED_SELECTOR = YES;
				GCC_WARN_UNINITIALIZED_AUTOS = YES_AGGRESSIVE;
				GCC_WARN_UNUSED_FUNCTION = YES;
				GCC_WARN_UNUSED_VARIABLE = YES;
				IPHONEOS_DEPLOYMENT_TARGET = 13.2;
				MTL_ENABLE_DEBUG_INFO = INCLUDE_SOURCE;
				MTL_FAST_MATH = YES;
				ONLY_ACTIVE_ARCH = YES;
				SDKROOT = iphoneos;
				SWIFT_ACTIVE_COMPILATION_CONDITIONS = DEBUG;
				SWIFT_OPTIMIZATION_LEVEL = "-Onone";
			};
			name = Debug;
		};
		C878919F23F2A89700E51D70 /* Release */ = {
			isa = XCBuildConfiguration;
			buildSettings = {
				ALWAYS_SEARCH_USER_PATHS = NO;
				CLANG_ANALYZER_NONNULL = YES;
				CLANG_ANALYZER_NUMBER_OBJECT_CONVERSION = YES_AGGRESSIVE;
				CLANG_CXX_LANGUAGE_STANDARD = "gnu++14";
				CLANG_CXX_LIBRARY = "libc++";
				CLANG_ENABLE_MODULES = YES;
				CLANG_ENABLE_OBJC_ARC = YES;
				CLANG_ENABLE_OBJC_WEAK = YES;
				CLANG_WARN_BLOCK_CAPTURE_AUTORELEASING = YES;
				CLANG_WARN_BOOL_CONVERSION = YES;
				CLANG_WARN_COMMA = YES;
				CLANG_WARN_CONSTANT_CONVERSION = YES;
				CLANG_WARN_DEPRECATED_OBJC_IMPLEMENTATIONS = YES;
				CLANG_WARN_DIRECT_OBJC_ISA_USAGE = YES_ERROR;
				CLANG_WARN_DOCUMENTATION_COMMENTS = YES;
				CLANG_WARN_EMPTY_BODY = YES;
				CLANG_WARN_ENUM_CONVERSION = YES;
				CLANG_WARN_INFINITE_RECURSION = YES;
				CLANG_WARN_INT_CONVERSION = YES;
				CLANG_WARN_NON_LITERAL_NULL_CONVERSION = YES;
				CLANG_WARN_OBJC_IMPLICIT_RETAIN_SELF = YES;
				CLANG_WARN_OBJC_LITERAL_CONVERSION = YES;
				CLANG_WARN_OBJC_ROOT_CLASS = YES_ERROR;
				CLANG_WARN_RANGE_LOOP_ANALYSIS = YES;
				CLANG_WARN_STRICT_PROTOTYPES = YES;
				CLANG_WARN_SUSPICIOUS_MOVE = YES;
				CLANG_WARN_UNGUARDED_AVAILABILITY = YES_AGGRESSIVE;
				CLANG_WARN_UNREACHABLE_CODE = YES;
				CLANG_WARN__DUPLICATE_METHOD_MATCH = YES;
				COPY_PHASE_STRIP = NO;
				DEBUG_INFORMATION_FORMAT = "dwarf-with-dsym";
				ENABLE_NS_ASSERTIONS = NO;
				ENABLE_STRICT_OBJC_MSGSEND = YES;
				GCC_C_LANGUAGE_STANDARD = gnu11;
				GCC_NO_COMMON_BLOCKS = YES;
				GCC_WARN_64_TO_32_BIT_CONVERSION = YES;
				GCC_WARN_ABOUT_RETURN_TYPE = YES_ERROR;
				GCC_WARN_UNDECLARED_SELECTOR = YES;
				GCC_WARN_UNINITIALIZED_AUTOS = YES_AGGRESSIVE;
				GCC_WARN_UNUSED_FUNCTION = YES;
				GCC_WARN_UNUSED_VARIABLE = YES;
				IPHONEOS_DEPLOYMENT_TARGET = 13.2;
				MTL_ENABLE_DEBUG_INFO = NO;
				MTL_FAST_MATH = YES;
				SDKROOT = iphoneos;
				SWIFT_COMPILATION_MODE = wholemodule;
				SWIFT_OPTIMIZATION_LEVEL = "-O";
				VALIDATE_PRODUCT = YES;
			};
			name = Release;
		};
		C87891A123F2A89700E51D70 /* Debug */ = {
			isa = XCBuildConfiguration;
			buildSettings = {
				ASSETCATALOG_COMPILER_APPICON_NAME = AppIcon;
				CODE_SIGN_STYLE = Automatic;
				DEVELOPMENT_TEAM = K8WJKQA676;
				INFOPLIST_FILE = "Bin Finder/Info.plist";
				IPHONEOS_DEPLOYMENT_TARGET = 13.2;
				LD_RUNPATH_SEARCH_PATHS = (
					"$(inherited)",
					"@executable_path/Frameworks",
				);
				PRODUCT_BUNDLE_IDENTIFIER = "it.unisa.applefoundationprogram.Bin-Finder";
				PRODUCT_NAME = "$(TARGET_NAME)";
				SWIFT_VERSION = 5.0;
				TARGETED_DEVICE_FAMILY = "1,2";
			};
			name = Debug;
		};
		C87891A223F2A89700E51D70 /* Release */ = {
			isa = XCBuildConfiguration;
			buildSettings = {
				ASSETCATALOG_COMPILER_APPICON_NAME = AppIcon;
				CODE_SIGN_STYLE = Automatic;
				DEVELOPMENT_TEAM = K8WJKQA676;
				INFOPLIST_FILE = "Bin Finder/Info.plist";
				IPHONEOS_DEPLOYMENT_TARGET = 13.2;
				LD_RUNPATH_SEARCH_PATHS = (
					"$(inherited)",
					"@executable_path/Frameworks",
				);
				PRODUCT_BUNDLE_IDENTIFIER = "it.unisa.applefoundationprogram.Bin-Finder";
				PRODUCT_NAME = "$(TARGET_NAME)";
				SWIFT_VERSION = 5.0;
				TARGETED_DEVICE_FAMILY = "1,2";
			};
			name = Release;
		};
/* End XCBuildConfiguration section */

/* Begin XCConfigurationList section */
		C878918423F2A89600E51D70 /* Build configuration list for PBXProject "Bin Finder" */ = {
			isa = XCConfigurationList;
			buildConfigurations = (
				C878919E23F2A89700E51D70 /* Debug */,
				C878919F23F2A89700E51D70 /* Release */,
			);
			defaultConfigurationIsVisible = 0;
			defaultConfigurationName = Release;
		};
		C87891A023F2A89700E51D70 /* Build configuration list for PBXNativeTarget "Bin Finder" */ = {
			isa = XCConfigurationList;
			buildConfigurations = (
				C87891A123F2A89700E51D70 /* Debug */,
				C87891A223F2A89700E51D70 /* Release */,
			);
			defaultConfigurationIsVisible = 0;
			defaultConfigurationName = Release;
		};
/* End XCConfigurationList section */

/* Begin XCVersionGroup section */
		C878919523F2A89600E51D70 /* Bin_Finder.xcdatamodeld */ = {
			isa = XCVersionGroup;
			children = (
				C878919623F2A89600E51D70 /* Bin_Finder.xcdatamodel */,
			);
			currentVersion = C878919623F2A89600E51D70 /* Bin_Finder.xcdatamodel */;
			path = Bin_Finder.xcdatamodeld;
			sourceTree = "<group>";
			versionGroupType = wrapper.xcdatamodel;
		};
/* End XCVersionGroup section */
	};
	rootObject = C878918123F2A89600E51D70 /* Project object */;
}
